{
	"name": "@tw/elements.button-group",
	"version": "0.1.0",
	"lockfileVersion": 1,
	"requires": true,
	"dependencies": {
		"@tw/elements": {
			"version": "file:../../core"
		},
		"@tw/elements.button": {
			"version": "file:../button",
			"requires": {
				"@tw/elements": "file:../../core"
			},
			"dependencies": {
				"@tw/elements": {
					"version": "file:../../core",
					"bundled": true
				}
			}
		}
	}
}
